{
	"name": "git-remote-cloud-driver-fs",
	"version": "0.0.0",
	"lockfileVersion": 1,
	"requires": true,
	"dependencies": {
		"@types/highland": {
			"version": "2.12.1",
			"resolved": "https://registry.npmjs.org/@types/highland/-/highland-2.12.1.tgz",
			"integrity": "sha512-PtZWJoS1OuOiZT4aST110Muf5FTKJw+mOKOammFIYt/jGXc/L/UsT6yB3uU9tYlU7MUnD7kHZR2P8GgBPMTZBQ==",
			"requires": {
				"@types/node": "*"
			}
		},
		"@types/node": {
			"version": "10.12.18",
			"resolved": "https://registry.npmjs.org/@types/node/-/node-10.12.18.tgz",
			"integrity": "sha512-fh+pAqt4xRzPfqA6eh3Z2y6fyZavRIumvjhaCL753+TVkGKGhpPeyrJG2JftD0T9q4GF00KjefsQ+PQNDdWQaQ=="
		},
		"highland": {
			"version": "2.13.0",
			"resolved": "http://registry.npmjs.org/highland/-/highland-2.13.0.tgz",
			"integrity": "sha512-zGZBcgAHPY2Zf9VG9S5IrlcC7CH9ELioXVtp9T5bU2a4fP2zIsA+Y8pV/n/h2lMwbWMHTX0I0xN0ODJ3Pd3aBQ==",
			"requires": {
				"util-deprecate": "^1.0.2"
			}
		},
		"rfc-walk": {
			"version": "3.0.3",
			"resolved": "https://registry.npmjs.org/rfc-walk/-/rfc-walk-3.0.3.tgz",
			"integrity": "sha512-PV4aR9GqHY7DEaMnc68V06cqiPLlSTCTWhBX8+faZI182anN753r52vEVEsEjYTxKzYmP+4mYTtqGU5JSTjhGA=="
		},
		"util-deprecate": {
			"version": "1.0.2",
			"resolved": "https://registry.npmjs.org/util-deprecate/-/util-deprecate-1.0.2.tgz",
			"integrity": "sha1-RQ1Nyfpw3nMnYvvS1KKJgUGaDM8="
		}
	}
}
